
Microsoft Visual Studio Solution File, Format Version 12.00
# Visual Studio 15
VisualStudioVersion = 15.0.28307.902
MinimumVisualStudioVersion = 10.0.40219.1
Project("{FAE04EC0-301F-11D3-BF4B-00C04F79EFBC}") = "KeyboardOpener", "KeyboardOpener\KeyboardOpener.csproj", "{6E536AFC-B62F-45E4-9D64-96D2F4862DB4}"
EndProject
Global
	GlobalSection(SolutionConfigurationPlatforms) = preSolution
		Debug|Any CPU = Debug|Any CPU
		Release|Any CPU = Release|Any CPU
	EndGlobalSection
	GlobalSection(ProjectConfigurationPlatforms) = postSolution
		{6E536AFC-B62F-45E4-9D64-96D2F4862DB4}.Debug|Any CPU.ActiveCfg = Debug|Any CPU
		{6E536AFC-B62F-45E4-9D64-96D2F4862DB4}.Debug|Any CPU.Build.0 = Debug|Any CPU
		{6E536AFC-B62F-45E4-9D64-96D2F4862DB4}.Release|Any CPU.ActiveCfg = Release|Any CPU
		{6E536AFC-B62F-45E4-9D64-96D2F4862DB4}.Release|Any CPU.Build.0 = Release|Any CPU
	EndGlobalSection
	GlobalSection(SolutionProperties) = preSolution
		HideSolutionNode = FALSE
	EndGlobalSection
	GlobalSection(ExtensibilityGlobals) = postSolution
		SolutionGuid = {886DF820-4532-49BE-9354-0A8C8D5DC8A5}
	EndGlobalSection
EndGlobal
